
Microsoft Visual Studio Solution File, Format Version 12.00
# Visual Studio 15
Project("{FAE04EC0-301F-11D3-BF4B-00C04F79EFBC}") = "Assembly-CSharp", "Assembly-CSharp.csproj", "{FA59ECA9-7D29-4E5C-A997-DAA3A1B9538B}"
EndProject
Global
	GlobalSection(SolutionConfigurationPlatforms) = preSolution
		Debug|Any CPU = Debug|Any CPU
		Release|Any CPU = Release|Any CPU
	EndGlobalSection
	GlobalSection(ProjectConfigurationPlatforms) = postSolution
		{FA59ECA9-7D29-4E5C-A997-DAA3A1B9538B}.Debug|Any CPU.ActiveCfg = Debug|Any CPU
		{FA59ECA9-7D29-4E5C-A997-DAA3A1B9538B}.Debug|Any CPU.Build.0 = Debug|Any CPU
		{FA59ECA9-7D29-4E5C-A997-DAA3A1B9538B}.Release|Any CPU.ActiveCfg = Release|Any CPU
		{FA59ECA9-7D29-4E5C-A997-DAA3A1B9538B}.Release|Any CPU.Build.0 = Release|Any CPU
	EndGlobalSection
	GlobalSection(SolutionProperties) = preSolution
		HideSolutionNode = FALSE
	EndGlobalSection
EndGlobal
